
Microsoft Visual Studio Solution File, Format Version 12.00
# Visual Studio Version 17
VisualStudioVersion = 17.12.35728.132 d17.12
MinimumVisualStudioVersion = 10.0.40219.1
Project("{FAE04EC0-301F-11D3-BF4B-00C04F79EFBC}") = "HouseRentingSystem", "HouseRentingSystem\HouseRentingSystem.csproj", "{97D197AD-4CB8-4425-A9D9-4BB3C64A2C36}"
EndProject
Project("{FAE04EC0-301F-11D3-BF4B-00C04F79EFBC}") = "HouseRentingSystem.Data", "HouseRentingSystem.Data\HouseRentingSystem.Data.csproj", "{96CC7CF2-6439-449E-BD44-715DBB78D4EE}"
EndProject
Global
	GlobalSection(SolutionConfigurationPlatforms) = preSolution
		Debug|Any CPU = Debug|Any CPU
		Release|Any CPU = Release|Any CPU
	EndGlobalSection
	GlobalSection(ProjectConfigurationPlatforms) = postSolution
		{97D197AD-4CB8-4425-A9D9-4BB3C64A2C36}.Debug|Any CPU.ActiveCfg = Debug|Any CPU
		{97D197AD-4CB8-4425-A9D9-4BB3C64A2C36}.Debug|Any CPU.Build.0 = Debug|Any CPU
		{97D197AD-4CB8-4425-A9D9-4BB3C64A2C36}.Release|Any CPU.ActiveCfg = Release|Any CPU
		{97D197AD-4CB8-4425-A9D9-4BB3C64A2C36}.Release|Any CPU.Build.0 = Release|Any CPU
		{96CC7CF2-6439-449E-BD44-715DBB78D4EE}.Debug|Any CPU.ActiveCfg = Debug|Any CPU
		{96CC7CF2-6439-449E-BD44-715DBB78D4EE}.Debug|Any CPU.Build.0 = Debug|Any CPU
		{96CC7CF2-6439-449E-BD44-715DBB78D4EE}.Release|Any CPU.ActiveCfg = Release|Any CPU
		{96CC7CF2-6439-449E-BD44-715DBB78D4EE}.Release|Any CPU.Build.0 = Release|Any CPU
	EndGlobalSection
	GlobalSection(SolutionProperties) = preSolution
		HideSolutionNode = FALSE
	EndGlobalSection
	GlobalSection(ExtensibilityGlobals) = postSolution
		SolutionGuid = {243A69F4-62D0-4DD6-BF5F-09431F7842AC}
	EndGlobalSection
EndGlobal
